
Microsoft Visual Studio Solution File, Format Version 12.00
# Visual Studio Version 17
VisualStudioVersion = 17.13.35931.197 d17.13
MinimumVisualStudioVersion = 10.0.40219.1
Project("{FAE04EC0-301F-11D3-BF4B-00C04F79EFBC}") = "EDP_ONLINE_SHOP", "EDP_ONLINE_SHOP.csproj", "{50A589C1-B998-405B-B682-6B7E978D8827}"
EndProject
Global
	GlobalSection(SolutionConfigurationPlatforms) = preSolution
		Debug|Any CPU = Debug|Any CPU
		Release|Any CPU = Release|Any CPU
	EndGlobalSection
	GlobalSection(ProjectConfigurationPlatforms) = postSolution
		{50A589C1-B998-405B-B682-6B7E978D8827}.Debug|Any CPU.ActiveCfg = Debug|Any CPU
		{50A589C1-B998-405B-B682-6B7E978D8827}.Debug|Any CPU.Build.0 = Debug|Any CPU
		{50A589C1-B998-405B-B682-6B7E978D8827}.Release|Any CPU.ActiveCfg = Release|Any CPU
		{50A589C1-B998-405B-B682-6B7E978D8827}.Release|Any CPU.Build.0 = Release|Any CPU
	EndGlobalSection
	GlobalSection(SolutionProperties) = preSolution
		HideSolutionNode = FALSE
	EndGlobalSection
	GlobalSection(ExtensibilityGlobals) = postSolution
		SolutionGuid = {382463E9-548B-428D-870B-1CD95054AC2E}
	EndGlobalSection
EndGlobal
